
Microsoft Visual Studio Solution File, Format Version 12.00
# Visual Studio 15
VisualStudioVersion = 15.0.28307.168
MinimumVisualStudioVersion = 10.0.40219.1
Project("{FAE04EC0-301F-11D3-BF4B-00C04F79EFBC}") = "PCIMS_Software", "PCIMS_Software\PCIMS_Software.csproj", "{F87FC797-BAE7-4723-B661-C8D2BD4D0527}"
EndProject
Global
	GlobalSection(SolutionConfigurationPlatforms) = preSolution
		Debug|Any CPU = Debug|Any CPU
		Release|Any CPU = Release|Any CPU
	EndGlobalSection
	GlobalSection(ProjectConfigurationPlatforms) = postSolution
		{F87FC797-BAE7-4723-B661-C8D2BD4D0527}.Debug|Any CPU.ActiveCfg = Debug|Any CPU
		{F87FC797-BAE7-4723-B661-C8D2BD4D0527}.Debug|Any CPU.Build.0 = Debug|Any CPU
		{F87FC797-BAE7-4723-B661-C8D2BD4D0527}.Release|Any CPU.ActiveCfg = Release|Any CPU
		{F87FC797-BAE7-4723-B661-C8D2BD4D0527}.Release|Any CPU.Build.0 = Release|Any CPU
	EndGlobalSection
	GlobalSection(SolutionProperties) = preSolution
		HideSolutionNode = FALSE
	EndGlobalSection
	GlobalSection(ExtensibilityGlobals) = postSolution
		SolutionGuid = {479E8526-1F39-488A-95BD-EDF66B3861AA}
	EndGlobalSection
EndGlobal
